{
  "generated": [
    "api/v1alpha3/cluster_phase_types.go",
    "api/v1alpha3/cluster_types.go",
    "api/v1alpha3/common_types.go",
    "api/v1alpha3/condition_consts.go",
    "api/v1alpha3/condition_types.go",
    "api/v1alpha3/conversion.go",
    "api/v1alpha3/conversion_test.go",
    "api/v1alpha3/doc.go",
    "api/v1alpha3/groupversion_info.go",
    "api/v1alpha3/machine_phase_types.go",
    "api/v1alpha3/machine_types.go",
    "api/v1alpha3/machinedeployment_types.go",
    "api/v1alpha3/machinehealthcheck_types.go",
    "api/v1alpha3/machineset_types.go",
    "api/v1alpha3/suite_test.go",
    "api/v1alpha3/webhook_test.go",
    "api/v1alpha3/zz_generated.conversion.go",
    "api/v1alpha3/zz_generated.deepcopy.go",
    "api/v1alpha4/cluster_phase_types.go",
    "api/v1alpha4/cluster_types.go",
    "api/v1alpha4/cluster_types_test.go",
    "api/v1alpha4/clusterclass_types.go",
    "api/v1alpha4/common_types.go",
    "api/v1alpha4/condition_consts.go",
    "api/v1alpha4/condition_types.go",
    "api/v1alpha4/conversion.go",
    "api/v1alpha4/conversion_test.go",
    "api/v1alpha4/doc.go",
    "api/v1alpha4/groupversion_info.go",
    "api/v1alpha4/machine_phase_types.go",
    "api/v1alpha4/machine_types.go",
    "api/v1alpha4/machinedeployment_types.go",
    "api/v1alpha4/machinehealthcheck_types.go",
    "api/v1alpha4/machineset_types.go",
    "api/v1alpha4/zz_generated.conversion.go",
    "api/v1alpha4/zz_generated.deepcopy.go",
    "api/v1beta1/cluster_phase_types.go",
    "api/v1beta1/cluster_types.go",
    "api/v1beta1/cluster_types_test.go",
    "api/v1beta1/cluster_webhook.go",
    "api/v1beta1/cluster_webhook_test.go",
    "api/v1beta1/clusterclass_types.go",
    "api/v1beta1/clusterclass_webhook.go",
    "api/v1beta1/clusterclass_webhook_test.go",
    "api/v1beta1/common_types.go",
    "api/v1beta1/condition_consts.go",
    "api/v1beta1/condition_types.go",
    "api/v1beta1/conversion.go",
    "api/v1beta1/doc.go",
    "api/v1beta1/groupversion_info.go",
    "api/v1beta1/index/cluster.go",
    "api/v1beta1/index/cluster_test.go",
    "api/v1beta1/index/index.go",
    "api/v1beta1/index/machine.go",
    "api/v1beta1/index/machine_test.go",
    "api/v1beta1/index/node.go",
    "api/v1beta1/index/node_test.go",
    "api/v1beta1/machine_phase_types.go",
    "api/v1beta1/machine_types.go",
    "api/v1beta1/machine_webhook.go",
    "api/v1beta1/machine_webhook_test.go",
    "api/v1beta1/machinedeployment_types.go",
    "api/v1beta1/machinedeployment_webhook.go",
    "api/v1beta1/machinedeployment_webhook_test.go",
    "api/v1beta1/machinehealthcheck_types.go",
    "api/v1beta1/machinehealthcheck_webhook.go",
    "api/v1beta1/machinehealthcheck_webhook_test.go",
    "api/v1beta1/machineset_types.go",
    "api/v1beta1/machineset_webhook.go",
    "api/v1beta1/machineset_webhook_test.go",
    "api/v1beta1/zz_generated.deepcopy.go",
    "bootstrap/kubeadm/api/v1alpha3/condition_consts.go",
    "bootstrap/kubeadm/api/v1alpha3/condition_consts.go",
    "bootstrap/kubeadm/api/v1alpha3/conversion.go",
    "bootstrap/kubeadm/api/v1alpha3/conversion.go",
    "bootstrap/kubeadm/api/v1alpha3/conversion_test.go",
    "bootstrap/kubeadm/api/v1alpha3/conversion_test.go",
    "bootstrap/kubeadm/api/v1alpha3/doc.go",
    "bootstrap/kubeadm/api/v1alpha3/doc.go",
    "bootstrap/kubeadm/api/v1alpha3/groupversion_info.go",
    "bootstrap/kubeadm/api/v1alpha3/groupversion_info.go",
    "bootstrap/kubeadm/api/v1alpha3/kubeadmconfig_types.go",
    "bootstrap/kubeadm/api/v1alpha3/kubeadmconfig_types.go",
    "bootstrap/kubeadm/api/v1alpha3/kubeadmconfigtemplate_types.go",
    "bootstrap/kubeadm/api/v1alpha3/kubeadmconfigtemplate_types.go",
    "bootstrap/kubeadm/api/v1alpha3/suite_test.go",
    "bootstrap/kubeadm/api/v1alpha3/suite_test.go",
    "bootstrap/kubeadm/api/v1alpha3/webhook_test.go",
    "bootstrap/kubeadm/api/v1alpha3/webhook_test.go",
    "bootstrap/kubeadm/api/v1alpha3/zz_generated.conversion.go",
    "bootstrap/kubeadm/api/v1alpha3/zz_generated.conversion.go",
    "bootstrap/kubeadm/api/v1alpha3/zz_generated.deepcopy.go",
    "bootstrap/kubeadm/api/v1alpha3/zz_generated.deepcopy.go",
    "bootstrap/kubeadm/api/v1alpha4/condition_consts.go",
    "bootstrap/kubeadm/api/v1alpha4/condition_consts.go",
    "bootstrap/kubeadm/api/v1alpha4/conversion.go",
    "bootstrap/kubeadm/api/v1alpha4/conversion.go",
    "bootstrap/kubeadm/api/v1alpha4/conversion_test.go",
    "bootstrap/kubeadm/api/v1alpha4/conversion_test.go",
    "bootstrap/kubeadm/api/v1alpha4/doc.go",
    "bootstrap/kubeadm/api/v1alpha4/doc.go",
    "bootstrap/kubeadm/api/v1alpha4/groupversion_info.go",
    "bootstrap/kubeadm/api/v1alpha4/groupversion_info.go",
    "bootstrap/kubeadm/api/v1alpha4/kubeadm_types.go",
    "bootstrap/kubeadm/api/v1alpha4/kubeadm_types.go",
    "bootstrap/kubeadm/api/v1alpha4/kubeadm_types_test.go",
    "bootstrap/kubeadm/api/v1alpha4/kubeadm_types_test.go",
    "bootstrap/kubeadm/api/v1alpha4/kubeadmconfig_types.go",
    "bootstrap/kubeadm/api/v1alpha4/kubeadmconfig_types.go",
    "bootstrap/kubeadm/api/v1alpha4/kubeadmconfigtemplate_types.go",
    "bootstrap/kubeadm/api/v1alpha4/kubeadmconfigtemplate_types.go",
    "bootstrap/kubeadm/api/v1alpha4/zz_generated.conversion.go",
    "bootstrap/kubeadm/api/v1alpha4/zz_generated.conversion.go",
    "bootstrap/kubeadm/api/v1alpha4/zz_generated.deepcopy.go",
    "bootstrap/kubeadm/api/v1alpha4/zz_generated.deepcopy.go",
    "bootstrap/kubeadm/api/v1beta1/condition_consts.go",
    "bootstrap/kubeadm/api/v1beta1/condition_consts.go",
    "bootstrap/kubeadm/api/v1beta1/conversion.go",
    "bootstrap/kubeadm/api/v1beta1/conversion.go",
    "bootstrap/kubeadm/api/v1beta1/doc.go",
    "bootstrap/kubeadm/api/v1beta1/doc.go",
    "bootstrap/kubeadm/api/v1beta1/groupversion_info.go",
    "bootstrap/kubeadm/api/v1beta1/groupversion_info.go",
    "bootstrap/kubeadm/api/v1beta1/kubeadm_types.go",
    "bootstrap/kubeadm/api/v1beta1/kubeadm_types.go",
    "bootstrap/kubeadm/api/v1beta1/kubeadm_types_test.go",
    "bootstrap/kubeadm/api/v1beta1/kubeadm_types_test.go",
    "bootstrap/kubeadm/api/v1beta1/kubeadmconfig_types.go",
    "bootstrap/kubeadm/api/v1beta1/kubeadmconfig_types.go",
    "bootstrap/kubeadm/api/v1beta1/kubeadmconfig_types_test.go",
    "bootstrap/kubeadm/api/v1beta1/kubeadmconfig_types_test.go",
    "bootstrap/kubeadm/api/v1beta1/kubeadmconfig_webhook.go",
    "bootstrap/kubeadm/api/v1beta1/kubeadmconfig_webhook.go",
    "bootstrap/kubeadm/api/v1beta1/kubeadmconfiglist_webhook.go",
    "bootstrap/kubeadm/api/v1beta1/kubeadmconfiglist_webhook.go",
    "bootstrap/kubeadm/api/v1beta1/kubeadmconfigtemplate_types.go",
    "bootstrap/kubeadm/api/v1beta1/kubeadmconfigtemplate_types.go",
    "bootstrap/kubeadm/api/v1beta1/kubeadmconfigtemplate_webhook.go",
    "bootstrap/kubeadm/api/v1beta1/kubeadmconfigtemplate_webhook.go",
    "bootstrap/kubeadm/api/v1beta1/kubeadmconfigtemplatelist_webhook.go",
    "bootstrap/kubeadm/api/v1beta1/kubeadmconfigtemplatelist_webhook.go",
    "bootstrap/kubeadm/api/v1beta1/zz_generated.deepcopy.go",
    "bootstrap/kubeadm/api/v1beta1/zz_generated.deepcopy.go",
    "bootstrap/kubeadm/types/upstreamv1beta1/bootstraptokenstring.go",
    "bootstrap/kubeadm/types/upstreamv1beta1/bootstraptokenstring_test.go",
    "bootstrap/kubeadm/types/upstreamv1beta1/conversion.go",
    "bootstrap/kubeadm/types/upstreamv1beta1/conversion_test.go",
    "bootstrap/kubeadm/types/upstreamv1beta1/doc.go",
    "bootstrap/kubeadm/types/upstreamv1beta1/groupversion_info.go",
    "bootstrap/kubeadm/types/upstreamv1beta1/types.go",
    "bootstrap/kubeadm/types/upstreamv1beta1/zz_generated.conversion.go",
    "bootstrap/kubeadm/types/upstreamv1beta1/zz_generated.deepcopy.go",
    "cmd/clusterctl/log/doc.go",
    "cmd/clusterctl/log/log.go",
    "cmd/clusterctl/log/logger.go",
    "cmd/clusterctl/log/logger_test.go",
    "cmd/clusterctl/log/util.go",
    "controllers/external/doc.go",
    "controllers/external/tracker.go",
    "controllers/external/tracker_test.go",
    "controllers/external/types.go",
    "controllers/external/util.go",
    "controllers/external/util_test.go",
    "controllers/noderefutil/providerid.go",
    "controllers/noderefutil/providerid_test.go",
    "controllers/noderefutil/util.go",
    "controllers/noderefutil/util_test.go",
    "controlplane/kubeadm/api/v1alpha3/condition_consts.go",
    "controlplane/kubeadm/api/v1alpha3/conversion.go",
    "controlplane/kubeadm/api/v1alpha3/conversion_test.go",
    "controlplane/kubeadm/api/v1alpha3/doc.go",
    "controlplane/kubeadm/api/v1alpha3/groupversion_info.go",
    "controlplane/kubeadm/api/v1alpha3/kubeadm_control_plane_types.go",
    "controlplane/kubeadm/api/v1alpha3/suite_test.go",
    "controlplane/kubeadm/api/v1alpha3/webhook_test.go",
    "controlplane/kubeadm/api/v1alpha3/zz_generated.conversion.go",
    "controlplane/kubeadm/api/v1alpha3/zz_generated.deepcopy.go",
    "controlplane/kubeadm/api/v1alpha4/condition_consts.go",
    "controlplane/kubeadm/api/v1alpha4/conversion.go",
    "controlplane/kubeadm/api/v1alpha4/conversion_test.go",
    "controlplane/kubeadm/api/v1alpha4/doc.go",
    "controlplane/kubeadm/api/v1alpha4/groupversion_info.go",
    "controlplane/kubeadm/api/v1alpha4/kubeadm_control_plane_types.go",
    "controlplane/kubeadm/api/v1alpha4/kubeadmcontrolplanetemplate_types.go",
    "controlplane/kubeadm/api/v1alpha4/zz_generated.conversion.go",
    "controlplane/kubeadm/api/v1alpha4/zz_generated.deepcopy.go",
    "controlplane/kubeadm/api/v1beta1/condition_consts.go",
    "controlplane/kubeadm/api/v1beta1/condition_consts.go",
    "controlplane/kubeadm/api/v1beta1/conversion.go",
    "controlplane/kubeadm/api/v1beta1/conversion.go",
    "controlplane/kubeadm/api/v1beta1/doc.go",
    "controlplane/kubeadm/api/v1beta1/doc.go",
    "controlplane/kubeadm/api/v1beta1/groupversion_info.go",
    "controlplane/kubeadm/api/v1beta1/groupversion_info.go",
    "controlplane/kubeadm/api/v1beta1/kubeadm_control_plane_types.go",
    "controlplane/kubeadm/api/v1beta1/kubeadm_control_plane_types.go",
    "controlplane/kubeadm/api/v1beta1/kubeadm_control_plane_webhook.go",
    "controlplane/kubeadm/api/v1beta1/kubeadm_control_plane_webhook.go",
    "controlplane/kubeadm/api/v1beta1/kubeadm_control_plane_webhook_test.go",
    "controlplane/kubeadm/api/v1beta1/kubeadm_control_plane_webhook_test.go",
    "controlplane/kubeadm/api/v1beta1/kubeadmcontrolplanetemplate_types.go",
    "controlplane/kubeadm/api/v1beta1/kubeadmcontrolplanetemplate_types.go",
    "controlplane/kubeadm/api/v1beta1/kubeadmcontrolplanetemplate_webhook.go",
    "controlplane/kubeadm/api/v1beta1/kubeadmcontrolplanetemplate_webhook.go",
    "controlplane/kubeadm/api/v1beta1/kubeadmcontrolplanetemplate_webhook_test.go",
    "controlplane/kubeadm/api/v1beta1/kubeadmcontrolplanetemplate_webhook_test.go",
    "controlplane/kubeadm/api/v1beta1/zz_generated.deepcopy.go",
    "controlplane/kubeadm/api/v1beta1/zz_generated.deepcopy.go",
    "errors/clusters.go",
    "errors/consts.go",
    "errors/doc.go",
    "errors/kubeadmcontrolplane.go",
    "errors/machines.go",
    "errors/pointer.go",
    "exp/addons/api/v1alpha3/clusterresourceset_types.go",
    "exp/addons/api/v1alpha3/clusterresourcesetbinding_types.go",
    "exp/addons/api/v1alpha3/clusterresourcesetbinding_types_test.go",
    "exp/addons/api/v1alpha3/condition_consts.go",
    "exp/addons/api/v1alpha3/conversion.go",
    "exp/addons/api/v1alpha3/conversion_test.go",
    "exp/addons/api/v1alpha3/doc.go",
    "exp/addons/api/v1alpha3/groupversion_info.go",
    "exp/addons/api/v1alpha3/suite_test.go",
    "exp/addons/api/v1alpha3/webhook_test.go",
    "exp/addons/api/v1alpha3/zz_generated.conversion.go",
    "exp/addons/api/v1alpha3/zz_generated.deepcopy.go",
    "exp/addons/api/v1alpha4/clusterresourceset_types.go",
    "exp/addons/api/v1alpha4/clusterresourcesetbinding_types.go",
    "exp/addons/api/v1alpha4/clusterresourcesetbinding_types_test.go",
    "exp/addons/api/v1alpha4/condition_consts.go",
    "exp/addons/api/v1alpha4/conversion.go",
    "exp/addons/api/v1alpha4/conversion_test.go",
    "exp/addons/api/v1alpha4/doc.go",
    "exp/addons/api/v1alpha4/groupversion_info.go",
    "exp/addons/api/v1alpha4/zz_generated.conversion.go",
    "exp/addons/api/v1alpha4/zz_generated.deepcopy.go",
    "exp/addons/api/v1beta1/clusterresourceset_types.go",
    "exp/addons/api/v1beta1/clusterresourceset_types.go",
    "exp/addons/api/v1beta1/clusterresourceset_webhook.go",
    "exp/addons/api/v1beta1/clusterresourceset_webhook.go",
    "exp/addons/api/v1beta1/clusterresourceset_webhook_test.go",
    "exp/addons/api/v1beta1/clusterresourceset_webhook_test.go",
    "exp/addons/api/v1beta1/clusterresourcesetbinding_types.go",
    "exp/addons/api/v1beta1/clusterresourcesetbinding_types.go",
    "exp/addons/api/v1beta1/clusterresourcesetbinding_types_test.go",
    "exp/addons/api/v1beta1/clusterresourcesetbinding_types_test.go",
    "exp/addons/api/v1beta1/condition_consts.go",
    "exp/addons/api/v1beta1/condition_consts.go",
    "exp/addons/api/v1beta1/conversion.go",
    "exp/addons/api/v1beta1/conversion.go",
    "exp/addons/api/v1beta1/doc.go",
    "exp/addons/api/v1beta1/doc.go",
    "exp/addons/api/v1beta1/groupversion_info.go",
    "exp/addons/api/v1beta1/groupversion_info.go",
    "exp/addons/api/v1beta1/zz_generated.deepcopy.go",
    "exp/addons/api/v1beta1/zz_generated.deepcopy.go",
    "exp/api/v1alpha3/condition_consts.go",
    "exp/api/v1alpha3/conversion.go",
    "exp/api/v1alpha3/conversion_test.go",
    "exp/api/v1alpha3/doc.go",
    "exp/api/v1alpha3/groupversion_info.go",
    "exp/api/v1alpha3/machinepool_types.go",
    "exp/api/v1alpha3/suite_test.go",
    "exp/api/v1alpha3/webhook_test.go",
    "exp/api/v1alpha3/zz_generated.conversion.go",
    "exp/api/v1alpha3/zz_generated.deepcopy.go",
    "exp/api/v1alpha4/condition_consts.go",
    "exp/api/v1alpha4/conversion.go",
    "exp/api/v1alpha4/conversion_test.go",
    "exp/api/v1alpha4/doc.go",
    "exp/api/v1alpha4/groupversion_info.go",
    "exp/api/v1alpha4/machinepool_types.go",
    "exp/api/v1alpha4/zz_generated.conversion.go",
    "exp/api/v1alpha4/zz_generated.deepcopy.go",
    "exp/api/v1beta1/condition_consts.go",
    "exp/api/v1beta1/condition_consts.go",
    "exp/api/v1beta1/conversion.go",
    "exp/api/v1beta1/conversion.go",
    "exp/api/v1beta1/doc.go",
    "exp/api/v1beta1/doc.go",
    "exp/api/v1beta1/groupversion_info.go",
    "exp/api/v1beta1/groupversion_info.go",
    "exp/api/v1beta1/machinepool_types.go",
    "exp/api/v1beta1/machinepool_types.go",
    "exp/api/v1beta1/machinepool_webhook.go",
    "exp/api/v1beta1/machinepool_webhook.go",
    "exp/api/v1beta1/machinepool_webhook_test.go",
    "exp/api/v1beta1/machinepool_webhook_test.go",
    "exp/api/v1beta1/zz_generated.deepcopy.go",
    "exp/api/v1beta1/zz_generated.deepcopy.go",
    "feature/feature.go",
    "feature/gates.go",
    "internal/builder/bootstrap.go",
    "internal/builder/builders.go",
    "internal/builder/controlplane.go",
    "internal/builder/crds.go",
    "internal/builder/doc.go",
    "internal/builder/infrastructure.go",
    "internal/builder/remediation.go",
    "internal/envtest/doc.go",
    "internal/envtest/environment.go",
    "internal/envtest/webhooks.go",
    "util/annotations/helpers.go",
    "util/annotations/helpers.go",
    "util/annotations/helpers_test.go",
    "util/annotations/helpers_test.go",
    "util/certs/certs.go",
    "util/certs/certs.go",
    "util/certs/certs_test.go",
    "util/certs/certs_test.go",
    "util/certs/consts.go",
    "util/certs/consts.go",
    "util/certs/types.go",
    "util/certs/types.go",
    "util/collections/helpers.go",
    "util/collections/helpers.go",
    "util/collections/machine_collection.go",
    "util/collections/machine_collection.go",
    "util/collections/machine_collection_test.go",
    "util/collections/machine_collection_test.go",
    "util/collections/machine_filters.go",
    "util/collections/machine_filters.go",
    "util/collections/machine_filters_test.go",
    "util/collections/machine_filters_test.go",
    "util/collections/suite_test.go",
    "util/collections/suite_test.go",
    "util/conditions/doc.go",
    "util/conditions/doc.go",
    "util/conditions/getter.go",
    "util/conditions/getter.go",
    "util/conditions/getter_test.go",
    "util/conditions/getter_test.go",
    "util/conditions/matcher.go",
    "util/conditions/matcher.go",
    "util/conditions/matcher_test.go",
    "util/conditions/matcher_test.go",
    "util/conditions/matchers.go",
    "util/conditions/matchers.go",
    "util/conditions/merge.go",
    "util/conditions/merge.go",
    "util/conditions/merge_strategies.go",
    "util/conditions/merge_strategies.go",
    "util/conditions/merge_strategies_test.go",
    "util/conditions/merge_strategies_test.go",
    "util/conditions/merge_test.go",
    "util/conditions/merge_test.go",
    "util/conditions/patch.go",
    "util/conditions/patch.go",
    "util/conditions/patch_test.go",
    "util/conditions/patch_test.go",
    "util/conditions/setter.go",
    "util/conditions/setter.go",
    "util/conditions/setter_test.go",
    "util/conditions/setter_test.go",
    "util/conditions/suite_test.go",
    "util/conditions/suite_test.go",
    "util/conditions/unstructured.go",
    "util/conditions/unstructured.go",
    "util/conditions/unstructured_test.go",
    "util/conditions/unstructured_test.go",
    "util/container/image.go",
    "util/container/image.go",
    "util/container/image_test.go",
    "util/container/image_test.go",
    "util/conversion/conversion.go",
    "util/conversion/conversion.go",
    "util/conversion/conversion_test.go",
    "util/conversion/conversion_test.go",
    "util/defaulting/defaulting.go",
    "util/defaulting/defaulting.go",
    "util/failuredomains/failure_domains.go",
    "util/failuredomains/failure_domains_test.go",
    "util/kubeconfig/kubeconfig.go",
    "util/kubeconfig/kubeconfig.go",
    "util/kubeconfig/kubeconfig_test.go",
    "util/kubeconfig/kubeconfig_test.go",
    "util/kubeconfig/testing.go",
    "util/kubeconfig/testing.go",
    "util/labels/helpers.go",
    "util/labels/helpers.go",
    "util/labels/helpers_test.go",
    "util/labels/helpers_test.go",
    "util/patch/doc.go",
    "util/patch/options.go",
    "util/patch/patch.go",
    "util/patch/patch_test.go",
    "util/patch/suite_test.go",
    "util/patch/utils.go",
    "util/patch/utils_test.go",
    "util/predicates/cluster_predicates.go",
    "util/predicates/cluster_predicates.go",
    "util/predicates/generic_predicates.go",
    "util/predicates/generic_predicates.go",
    "util/record/recorder.go",
    "util/resource/resource.go",
    "util/resource/resource_test.go",
    "util/retry.go",
    "util/secret/certificates.go",
    "util/secret/certificates.go",
    "util/secret/certificates_test.go",
    "util/secret/certificates_test.go",
    "util/secret/consts.go",
    "util/secret/consts.go",
    "util/secret/doc.go",
    "util/secret/doc.go",
    "util/secret/secret.go",
    "util/secret/secret.go",
    "util/secret/secret_test.go",
    "util/secret/secret_test.go",
    "util/suite_test.go",
    "util/util.go",
    "util/util_test.go",
    "util/version/version.go",
    "util/version/version.go",
    "util/version/version_test.go",
    "util/version/version_test.go",
    "util/yaml/yaml.go",
    "util/yaml/yaml.go",
    "util/yaml/yaml_test.go",
    "util/yaml/yaml_test.go"
  ]
}