{
  "generated": [
    "api/v1beta1/cluster_phase_types.go",
    "api/v1beta1/cluster_types.go",
    "api/v1beta1/clusterclass_types.go",
    "api/v1beta1/common_types.go",
    "api/v1beta1/condition_consts.go",
    "api/v1beta1/condition_types.go",
    "api/v1beta1/conversion.go",
    "api/v1beta1/doc.go",
    "api/v1beta1/groupversion_info.go",
    "api/v1beta1/machine_phase_types.go",
    "api/v1beta1/machine_types.go",
    "api/v1beta1/machinedeployment_types.go",
    "api/v1beta1/machinehealthcheck_types.go",
    "api/v1beta1/machineset_types.go",
    "api/v1beta1/zz_generated.deepcopy.go",
    "bootstrap/kubeadm/api/v1beta1/condition_consts.go",
    "bootstrap/kubeadm/api/v1beta1/condition_consts.go",
    "bootstrap/kubeadm/api/v1beta1/conversion.go",
    "bootstrap/kubeadm/api/v1beta1/conversion.go",
    "bootstrap/kubeadm/api/v1beta1/doc.go",
    "bootstrap/kubeadm/api/v1beta1/doc.go",
    "bootstrap/kubeadm/api/v1beta1/groupversion_info.go",
    "bootstrap/kubeadm/api/v1beta1/groupversion_info.go",
    "bootstrap/kubeadm/api/v1beta1/kubeadm_types.go",
    "bootstrap/kubeadm/api/v1beta1/kubeadm_types.go",
    "bootstrap/kubeadm/api/v1beta1/kubeadmconfig_types.go",
    "bootstrap/kubeadm/api/v1beta1/kubeadmconfig_types.go",
    "bootstrap/kubeadm/api/v1beta1/kubeadmconfigtemplate_types.go",
    "bootstrap/kubeadm/api/v1beta1/kubeadmconfigtemplate_types.go",
    "bootstrap/kubeadm/api/v1beta1/zz_generated.deepcopy.go",
    "bootstrap/kubeadm/api/v1beta1/zz_generated.deepcopy.go",
    "controlplane/kubeadm/api/v1beta1/condition_consts.go",
    "controlplane/kubeadm/api/v1beta1/conversion.go",
    "controlplane/kubeadm/api/v1beta1/doc.go",
    "controlplane/kubeadm/api/v1beta1/groupversion_info.go",
    "controlplane/kubeadm/api/v1beta1/kubeadm_control_plane_types.go",
    "controlplane/kubeadm/api/v1beta1/kubeadmcontrolplanetemplate_types.go",
    "controlplane/kubeadm/api/v1beta1/zz_generated.deepcopy.go",
    "errors/clusters.go",
    "errors/consts.go",
    "errors/doc.go",
    "errors/kubeadmcontrolplane.go",
    "errors/machines.go",
    "errors/pointer.go",
    "exp/addons/api/v1beta1/clusterresourceset_types.go",
    "exp/addons/api/v1beta1/clusterresourcesetbinding_types.go",
    "exp/addons/api/v1beta1/condition_consts.go",
    "exp/addons/api/v1beta1/conversion.go",
    "exp/addons/api/v1beta1/doc.go",
    "exp/addons/api/v1beta1/groupversion_info.go",
    "exp/addons/api/v1beta1/zz_generated.deepcopy.go",
    "exp/api/v1beta1/condition_consts.go",
    "exp/api/v1beta1/conversion.go",
    "exp/api/v1beta1/doc.go",
    "exp/api/v1beta1/groupversion_info.go",
    "exp/api/v1beta1/machinepool_types.go",
    "exp/api/v1beta1/zz_generated.deepcopy.go"
  ]
}